// !$*UTF8*$!
{
	archiveVersion = 1;
	classes = {
	};
	objectVersion = 46;
	objects = {

/* Begin PBXBuildFile section */
		C4C32B1E1D2A557A008DB944 /* main.m in Sources */ = {isa = PBXBuildFile; fileRef = C4C32B1D1D2A557A008DB944 /* main.m */; };
		C4C32B211D2A557A008DB944 /* AppDelegate.m in Sources */ = {isa = PBXBuildFile; fileRef = C4C32B201D2A557A008DB944 /* AppDelegate.m */; };
		C4C32B241D2A557A008DB944 /* ViewController.m in Sources */ = {isa = PBXBuildFile; fileRef = C4C32B231D2A557A008DB944 /* ViewController.m */; };
		C4C32B271D2A557A008DB944 /* Main.storyboard in Resources */ = {isa = PBXBuildFile; fileRef = C4C32B251D2A557A008DB944 /* Main.storyboard */; };
		C4C32B291D2A557A008DB944 /* Assets.xcassets in Resources */ = {isa = PBXBuildFile; fileRef = C4C32B281D2A557A008DB944 /* Assets.xcassets */; };
		C4C32B2C1D2A557A008DB944 /* LaunchScreen.storyboard in Resources */ = {isa = PBXBuildFile; fileRef = C4C32B2A1D2A557A008DB944 /* LaunchScreen.storyboard */; };
		C4C32B351D2A55B4008DB944 /* UILabel+HCStringSize.m in Sources */ = {isa = PBXBuildFile; fileRef = C4C32B341D2A55B4008DB944 /* UILabel+HCStringSize.m */; };
/* End PBXBuildFile section */

/* Begin PBXFileReference section */
		C4C32B191D2A557A008DB944 /* HCStringSize.app */ = {isa = PBXFileReference; explicitFileType = wrapper.application; includeInIndex = 0; path = HCStringSize.app; sourceTree = BUILT_PRODUCTS_DIR; };
		C4C32B1D1D2A557A008DB944 /* main.m */ = {isa = PBXFileReference; lastKnownFileType = sourcecode.c.objc; path = main.m; sourceTree = "<group>"; };
		C4C32B1F1D2A557A008DB944 /* AppDelegate.h */ = {isa = PBXFileReference; lastKnownFileType = sourcecode.c.h; path = AppDelegate.h; sourceTree = "<group>"; };
		C4C32B201D2A557A008DB944 /* AppDelegate.m */ = {isa = PBXFileReference; lastKnownFileType = sourcecode.c.objc; path = AppDelegate.m; sourceTree = "<group>"; };
		C4C32B221D2A557A008DB944 /* ViewController.h */ = {isa = PBXFileReference; lastKnownFileType = sourcecode.c.h; path = ViewController.h; sourceTree = "<group>"; };
		C4C32B231D2A557A008DB944 /* ViewController.m */ = {isa = PBXFileReference; lastKnownFileType = sourcecode.c.objc; path = ViewController.m; sourceTree = "<group>"; };
		C4C32B261D2A557A008DB944 /* Base */ = {isa = PBXFileReference; lastKnownFileType = file.storyboard; name = Base; path = Base.lproj/Main.storyboard; sourceTree = "<group>"; };
		C4C32B281D2A557A008DB944 /* Assets.xcassets */ = {isa = PBXFileReference; lastKnownFileType = folder.assetcatalog; path = Assets.xcassets; sourceTree = "<group>"; };
		C4C32B2B1D2A557A008DB944 /* Base */ = {isa = PBXFileReference; lastKnownFileType = file.storyboard; name = Base; path = Base.lproj/LaunchScreen.storyboard; sourceTree = "<group>"; };
		C4C32B2D1D2A557A008DB944 /* Info.plist */ = {isa = PBXFileReference; lastKnownFileType = text.plist.xml; path = Info.plist; sourceTree = "<group>"; };
		C4C32B331D2A55B4008DB944 /* UILabel+HCStringSize.h */ = {isa = PBXFileReference; fileEncoding = 4; lastKnownFileType = sourcecode.c.h; path = "UILabel+HCStringSize.h"; sourceTree = "<group>"; };
		C4C32B341D2A55B4008DB944 /* UILabel+HCStringSize.m */ = {isa = PBXFileReference; fileEncoding = 4; lastKnownFileType = sourcecode.c.objc; path = "UILabel+HCStringSize.m"; sourceTree = "<group>"; };
/* End PBXFileReference section */

/* Begin PBXFrameworksBuildPhase section */
		C4C32B161D2A557A008DB944 /* Frameworks */ = {
			isa = PBXFrameworksBuildPhase;
			buildActionMask = 2147483647;
			files = (
			);
			runOnlyForDeploymentPostprocessing = 0;
		};
/* End PBXFrameworksBuildPhase section */

/* Begin PBXGroup section */
		C4C32B101D2A557A008DB944 = {
			isa = PBXGroup;
			children = (
				C4C32B1B1D2A557A008DB944 /* HCStringSize */,
				C4C32B1A1D2A557A008DB944 /* Products */,
			);
			sourceTree = "<group>";
		};
		C4C32B1A1D2A557A008DB944 /* Products */ = {
			isa = PBXGroup;
			children = (
				C4C32B191D2A557A008DB944 /* HCStringSize.app */,
			);
			name = Products;
			sourceTree = "<group>";
		};
		C4C32B1B1D2A557A008DB944 /* HCStringSize */ = {
			isa = PBXGroup;
			children = (
				C4C32B331D2A55B4008DB944 /* UILabel+HCStringSize.h */,
				C4C32B341D2A55B4008DB944 /* UILabel+HCStringSize.m */,
				C4C32B1F1D2A557A008DB944 /* AppDelegate.h */,
				C4C32B201D2A557A008DB944 /* AppDelegate.m */,
				C4C32B221D2A557A008DB944 /* ViewController.h */,
				C4C32B231D2A557A008DB944 /* ViewController.m */,
				C4C32B251D2A557A008DB944 /* Main.storyboard */,
				C4C32B281D2A557A008DB944 /* Assets.xcassets */,
				C4C32B2A1D2A557A008DB944 /* LaunchScreen.storyboard */,
				C4C32B2D1D2A557A008DB944 /* Info.plist */,
				C4C32B1C1D2A557A008DB944 /* Supporting Files */,
			);
			path = HCStringSize;
			sourceTree = "<group>";
		};
		C4C32B1C1D2A557A008DB944 /* Supporting Files */ = {
			isa = PBXGroup;
			children = (
				C4C32B1D1D2A557A008DB944 /* main.m */,
			);
			name = "Supporting Files";
			sourceTree = "<group>";
		};
/* End PBXGroup section */

/* Begin PBXNativeTarget section */
		C4C32B181D2A557A008DB944 /* HCStringSize */ = {
			isa = PBXNativeTarget;
			buildConfigurationList = C4C32B301D2A557A008DB944 /* Build configuration list for PBXNativeTarget "HCStringSize" */;
			buildPhases = (
				C4C32B151D2A557A008DB944 /* Sources */,
				C4C32B161D2A557A008DB944 /* Frameworks */,
				C4C32B171D2A557A008DB944 /* Resources */,
			);
			buildRules = (
			);
			dependencies = (
			);
			name = HCStringSize;
			productName = HCStringSize;
			productReference = C4C32B191D2A557A008DB944 /* HCStringSize.app */;
			productType = "com.apple.product-type.application";
		};
/* End PBXNativeTarget section */

/* Begin PBXProject section */
		C4C32B111D2A557A008DB944 /* Project object */ = {
			isa = PBXProject;
			attributes = {
				LastUpgradeCheck = 0730;
				ORGANIZATIONNAME = ZHC;
				TargetAttributes = {
					C4C32B181D2A557A008DB944 = {
						CreatedOnToolsVersion = 7.3.1;
					};
				};
			};
			buildConfigurationList = C4C32B141D2A557A008DB944 /* Build configuration list for PBXProject "HCStringSize" */;
			compatibilityVersion = "Xcode 3.2";
			developmentRegion = English;
			hasScannedForEncodings = 0;
			knownRegions = (
				en,
				Base,
			);
			mainGroup = C4C32B101D2A557A008DB944;
			productRefGroup = C4C32B1A1D2A557A008DB944 /* Products */;
			projectDirPath = "";
			projectRoot = "";
			targets = (
				C4C32B181D2A557A008DB944 /* HCStringSize */,
			);
		};
/* End PBXProject section */

/* Begin PBXResourcesBuildPhase section */
		C4C32B171D2A557A008DB944 /* Resources */ = {
			isa = PBXResourcesBuildPhase;
			buildActionMask = 2147483647;
			files = (
				C4C32B2C1D2A557A008DB944 /* LaunchScreen.storyboard in Resources */,
				C4C32B291D2A557A008DB944 /* Assets.xcassets in Resources */,
				C4C32B271D2A557A008DB944 /* Main.storyboard in Resources */,
			);
			runOnlyForDeploymentPostprocessing = 0;
		};
/* End PBXResourcesBuildPhase section */

/* Begin PBXSourcesBuildPhase section */
		C4C32B151D2A557A008DB944 /* Sources */ = {
			isa = PBXSourcesBuildPhase;
			buildActionMask = 2147483647;
			files = (
				C4C32B241D2A557A008DB944 /* ViewController.m in Sources */,
				C4C32B211D2A557A008DB944 /* AppDelegate.m in Sources */,
				C4C32B1E1D2A557A008DB944 /* main.m in Sources */,
				C4C32B351D2A55B4008DB944 /* UILabel+HCStringSize.m in Sources */,
			);
			runOnlyForDeploymentPostprocessing = 0;
		};
/* End PBXSourcesBuildPhase section */

/* Begin PBXVariantGroup section */
		C4C32B251D2A557A008DB944 /* Main.storyboard */ = {
			isa = PBXVariantGroup;
			children = (
				C4C32B261D2A557A008DB944 /* Base */,
			);
			name = Main.storyboard;
			sourceTree = "<group>";
		};
		C4C32B2A1D2A557A008DB944 /* LaunchScreen.storyboard */ = {
			isa = PBXVariantGroup;
			children = (
				C4C32B2B1D2A557A008DB944 /* Base */,
			);
			name = LaunchScreen.storyboard;
			sourceTree = "<group>";
		};
/* End PBXVariantGroup section */

/* Begin XCBuildConfiguration section */
		C4C32B2E1D2A557A008DB944 /* Debug */ = {
			isa = XCBuildConfiguration;
			buildSettings = {
				ALWAYS_SEARCH_USER_PATHS = NO;
				CLANG_ANALYZER_NONNULL = YES;
				CLANG_CXX_LANGUAGE_STANDARD = "gnu++0x";
				CLANG_CXX_LIBRARY = "libc++";
				CLANG_ENABLE_MODULES = YES;
				CLANG_ENABLE_OBJC_ARC = YES;
				CLANG_WARN_BOOL_CONVERSION = YES;
				CLANG_WARN_CONSTANT_CONVERSION = YES;
				CLANG_WARN_DIRECT_OBJC_ISA_USAGE = YES_ERROR;
				CLANG_WARN_EMPTY_BODY = YES;
				CLANG_WARN_ENUM_CONVERSION = YES;
				CLANG_WARN_INT_CONVERSION = YES;
				CLANG_WARN_OBJC_ROOT_CLASS = YES_ERROR;
				CLANG_WARN_UNREACHABLE_CODE = YES;
				CLANG_WARN__DUPLICATE_METHOD_MATCH = YES;
				"CODE_SIGN_IDENTITY[sdk=iphoneos*]" = "iPhone Developer";
				COPY_PHASE_STRIP = NO;
				DEBUG_INFORMATION_FORMAT = dwarf;
				ENABLE_STRICT_OBJC_MSGSEND = YES;
				ENABLE_TESTABILITY = YES;
				GCC_C_LANGUAGE_STANDARD = gnu99;
				GCC_DYNAMIC_NO_PIC = NO;
				GCC_NO_COMMON_BLOCKS = YES;
				GCC_OPTIMIZATION_LEVEL = 0;
				GCC_PREPROCESSOR_DEFINITIONS = (
					"DEBUG=1",
					"$(inherited)",
				);
				GCC_WARN_64_TO_32_BIT_CONVERSION = YES;
				GCC_WARN_ABOUT_RETURN_TYPE = YES_ERROR;
				GCC_WARN_UNDECLARED_SELECTOR = YES;
				GCC_WARN_UNINITIALIZED_AUTOS = YES_AGGRESSIVE;
				GCC_WARN_UNUSED_FUNCTION = YES;
				GCC_WARN_UNUSED_VARIABLE = YES;
				IPHONEOS_DEPLOYMENT_TARGET = 9.3;
				MTL_ENABLE_DEBUG_INFO = YES;
				ONLY_ACTIVE_ARCH = YES;
				SDKROOT = iphoneos;
				TARGETED_DEVICE_FAMILY = "1,2";
			};
			name = Debug;
		};
		C4C32B2F1D2A557A008DB944 /* Release */ = {
			isa = XCBuildConfiguration;
			buildSettings = {
				ALWAYS_SEARCH_USER_PATHS = NO;
				CLANG_ANALYZER_NONNULL = YES;
				CLANG_CXX_LANGUAGE_STANDARD = "gnu++0x";
				CLANG_CXX_LIBRARY = "libc++";
				CLANG_ENABLE_MODULES = YES;
				CLANG_ENABLE_OBJC_ARC = YES;
				CLANG_WARN_BOOL_CONVERSION = YES;
				CLANG_WARN_CONSTANT_CONVERSION = YES;
				CLANG_WARN_DIRECT_OBJC_ISA_USAGE = YES_ERROR;
				CLANG_WARN_EMPTY_BODY = YES;
				CLANG_WARN_ENUM_CONVERSION = YES;
				CLANG_WARN_INT_CONVERSION = YES;
				CLANG_WARN_OBJC_ROOT_CLASS = YES_ERROR;
				CLANG_WARN_UNREACHABLE_CODE = YES;
				CLANG_WARN__DUPLICATE_METHOD_MATCH = YES;
				"CODE_SIGN_IDENTITY[sdk=iphoneos*]" = "iPhone Developer";
				COPY_PHASE_STRIP = NO;
				DEBUG_INFORMATION_FORMAT = "dwarf-with-dsym";
				ENABLE_NS_ASSERTIONS = NO;
				ENABLE_STRICT_OBJC_MSGSEND = YES;
				GCC_C_LANGUAGE_STANDARD = gnu99;
				GCC_NO_COMMON_BLOCKS = YES;
				GCC_WARN_64_TO_32_BIT_CONVERSION = YES;
				GCC_WARN_ABOUT_RETURN_TYPE = YES_ERROR;
				GCC_WARN_UNDECLARED_SELECTOR = YES;
				GCC_WARN_UNINITIALIZED_AUTOS = YES_AGGRESSIVE;
				GCC_WARN_UNUSED_FUNCTION = YES;
				GCC_WARN_UNUSED_VARIABLE = YES;
				IPHONEOS_DEPLOYMENT_TARGET = 9.3;
				MTL_ENABLE_DEBUG_INFO = NO;
				SDKROOT = iphoneos;
				TARGETED_DEVICE_FAMILY = "1,2";
				VALIDATE_PRODUCT = YES;
			};
			name = Release;
		};
		C4C32B311D2A557A008DB944 /* Debug */ = {
			isa = XCBuildConfiguration;
			buildSettings = {
				ASSETCATALOG_COMPILER_APPICON_NAME = AppIcon;
				INFOPLIST_FILE = HCStringSize/Info.plist;
				LD_RUNPATH_SEARCH_PATHS = "$(inherited) @executable_path/Frameworks";
				PRODUCT_BUNDLE_IDENTIFIER = wz.HCStringSize;
				PRODUCT_NAME = "$(TARGET_NAME)";
			};
			name = Debug;
		};
		C4C32B321D2A557A008DB944 /* Release */ = {
			isa = XCBuildConfiguration;
			buildSettings = {
				ASSETCATALOG_COMPILER_APPICON_NAME = AppIcon;
				INFOPLIST_FILE = HCStringSize/Info.plist;
				LD_RUNPATH_SEARCH_PATHS = "$(inherited) @executable_path/Frameworks";
				PRODUCT_BUNDLE_IDENTIFIER = wz.HCStringSize;
				PRODUCT_NAME = "$(TARGET_NAME)";
			};
			name = Release;
		};
/* End XCBuildConfiguration section */

/* Begin XCConfigurationList section */
		C4C32B141D2A557A008DB944 /* Build configuration list for PBXProject "HCStringSize" */ = {
			isa = XCConfigurationList;
			buildConfigurations = (
				C4C32B2E1D2A557A008DB944 /* Debug */,
				C4C32B2F1D2A557A008DB944 /* Release */,
			);
			defaultConfigurationIsVisible = 0;
			defaultConfigurationName = Release;
		};
		C4C32B301D2A557A008DB944 /* Build configuration list for PBXNativeTarget "HCStringSize" */ = {
			isa = XCConfigurationList;
			buildConfigurations = (
				C4C32B311D2A557A008DB944 /* Debug */,
				C4C32B321D2A557A008DB944 /* Release */,
			);
			defaultConfigurationIsVisible = 0;
		};
/* End XCConfigurationList section */
	};
	rootObject = C4C32B111D2A557A008DB944 /* Project object */;
}
